PODS:
  - Alamofire (4.0.0)
  - AlamofireImage (3.0.0):
    - Alamofire (~> 4.0)
  - ImageSlideshow (0.6):
    - ImageSlideshow/Core (= 0.6)
  - ImageSlideshow/Core (0.6)
  - MXParallaxHeader (0.5.2)
  - NVActivityIndicatorView (3.0)
  - ObjectMapper (2.0.0)

DEPENDENCIES:
  - Alamofire (= 4.0.0)
  - AlamofireImage (= 3.0.0)
  - ImageSlideshow (from `https://github.com/zvonicek/ImageSlideshow.git`, branch `swift-3`)
  - MXParallaxHeader (= 0.5.2)
  - NVActivityIndicatorView (= 3.0)
  - ObjectMapper (= 2.0.0)

EXTERNAL SOURCES:
  ImageSlideshow:
    :branch: swift-3
    :git: https://github.com/zvonicek/ImageSlideshow.git

CHECKOUT OPTIONS:
  ImageSlideshow:
    :commit: bbf742003016330b1e690f82e77d636a7ba5ad34
    :git: https://github.com/zvonicek/ImageSlideshow.git

SPEC CHECKSUMS:
  Alamofire: fef59f00388f267e52d9b432aa5d93dc97190f14
  AlamofireImage: 6594aa1139a67dcd36cde6da79ea4e5b318e60fb
  ImageSlideshow: 714e370cdd0ab74e8124be755c8de7f06b9d5240
  MXParallaxHeader: 5070ba8e8af27ec793c0d32ae82cfd2318e59635
  NVActivityIndicatorView: 81953b5e65093ba79edf4fe7268e002039ca5268
  ObjectMapper: aed2570edabbd3c9b26c939e1cabdb6558f933e0

PODFILE CHECKSUM: 1c2c27f0a527d843a2888f4c1b504482c66fe201

COCOAPODS: 1.0.1
